// !$*UTF8*$!
{
	archiveVersion = 1;
	classes = {
	};
	objectVersion = 56;
	objects = {

/* Begin PBXBuildFile section */
		04660F682B09F11700CC417C /* DetailViewController.swift in Sources */ = {isa = PBXBuildFile; fileRef = 04660F672B09F11700CC417C /* DetailViewController.swift */; };
		04660F6A2B0B226D00CC417C /* AddViewController.swift in Sources */ = {isa = PBXBuildFile; fileRef = 04660F692B0B226D00CC417C /* AddViewController.swift */; };
		046BE6C72B09CFF900B3FD28 /* AppDelegate.swift in Sources */ = {isa = PBXBuildFile; fileRef = 046BE6C62B09CFF900B3FD28 /* AppDelegate.swift */; };
		046BE6C92B09CFF900B3FD28 /* SceneDelegate.swift in Sources */ = {isa = PBXBuildFile; fileRef = 046BE6C82B09CFF900B3FD28 /* SceneDelegate.swift */; };
		046BE6CB2B09CFF900B3FD28 /* ViewController.swift in Sources */ = {isa = PBXBuildFile; fileRef = 046BE6CA2B09CFF900B3FD28 /* ViewController.swift */; };
		046BE6D02B09CFFA00B3FD28 /* Assets.xcassets in Resources */ = {isa = PBXBuildFile; fileRef = 046BE6CF2B09CFFA00B3FD28 /* Assets.xcassets */; };
		046BE6D32B09CFFA00B3FD28 /* LaunchScreen.storyboard in Resources */ = {isa = PBXBuildFile; fileRef = 046BE6D12B09CFFA00B3FD28 /* LaunchScreen.storyboard */; };
		046F8AC12B09D276003CD854 /* Model.swift in Sources */ = {isa = PBXBuildFile; fileRef = 046F8AC02B09D276003CD854 /* Model.swift */; };
		046F8AC32B09D2B7003CD854 /* ViewModel.swift in Sources */ = {isa = PBXBuildFile; fileRef = 046F8AC22B09D2B7003CD854 /* ViewModel.swift */; };
		046F8AC52B09D5CE003CD854 /* TableViewCell.swift in Sources */ = {isa = PBXBuildFile; fileRef = 046F8AC42B09D5CE003CD854 /* TableViewCell.swift */; };
/* End PBXBuildFile section */

/* Begin PBXFileReference section */
		04660F672B09F11700CC417C /* DetailViewController.swift */ = {isa = PBXFileReference; lastKnownFileType = sourcecode.swift; path = DetailViewController.swift; sourceTree = "<group>"; };
		04660F692B0B226D00CC417C /* AddViewController.swift */ = {isa = PBXFileReference; lastKnownFileType = sourcecode.swift; path = AddViewController.swift; sourceTree = "<group>"; };
		046BE6C32B09CFF900B3FD28 /* TodoListUikit.app */ = {isa = PBXFileReference; explicitFileType = wrapper.application; includeInIndex = 0; path = TodoListUikit.app; sourceTree = BUILT_PRODUCTS_DIR; };
		046BE6C62B09CFF900B3FD28 /* AppDelegate.swift */ = {isa = PBXFileReference; lastKnownFileType = sourcecode.swift; path = AppDelegate.swift; sourceTree = "<group>"; };
		046BE6C82B09CFF900B3FD28 /* SceneDelegate.swift */ = {isa = PBXFileReference; lastKnownFileType = sourcecode.swift; path = SceneDelegate.swift; sourceTree = "<group>"; };
		046BE6CA2B09CFF900B3FD28 /* ViewController.swift */ = {isa = PBXFileReference; lastKnownFileType = sourcecode.swift; path = ViewController.swift; sourceTree = "<group>"; };
		046BE6CF2B09CFFA00B3FD28 /* Assets.xcassets */ = {isa = PBXFileReference; lastKnownFileType = folder.assetcatalog; path = Assets.xcassets; sourceTree = "<group>"; };
		046BE6D22B09CFFA00B3FD28 /* Base */ = {isa = PBXFileReference; lastKnownFileType = file.storyboard; name = Base; path = Base.lproj/LaunchScreen.storyboard; sourceTree = "<group>"; };
		046BE6D42B09CFFA00B3FD28 /* Info.plist */ = {isa = PBXFileReference; lastKnownFileType = text.plist.xml; path = Info.plist; sourceTree = "<group>"; };
		046F8AC02B09D276003CD854 /* Model.swift */ = {isa = PBXFileReference; lastKnownFileType = sourcecode.swift; path = Model.swift; sourceTree = "<group>"; };
		046F8AC22B09D2B7003CD854 /* ViewModel.swift */ = {isa = PBXFileReference; lastKnownFileType = sourcecode.swift; path = ViewModel.swift; sourceTree = "<group>"; };
		046F8AC42B09D5CE003CD854 /* TableViewCell.swift */ = {isa = PBXFileReference; lastKnownFileType = sourcecode.swift; path = TableViewCell.swift; sourceTree = "<group>"; };
/* End PBXFileReference section */

/* Begin PBXFrameworksBuildPhase section */
		046BE6C02B09CFF900B3FD28 /* Frameworks */ = {
			isa = PBXFrameworksBuildPhase;
			buildActionMask = 2147483647;
			files = (
			);
			runOnlyForDeploymentPostprocessing = 0;
		};
/* End PBXFrameworksBuildPhase section */

/* Begin PBXGroup section */
		046BE6BA2B09CFF900B3FD28 = {
			isa = PBXGroup;
			children = (
				046BE6C52B09CFF900B3FD28 /* TodoListUikit */,
				046BE6C42B09CFF900B3FD28 /* Products */,
			);
			sourceTree = "<group>";
		};
		046BE6C42B09CFF900B3FD28 /* Products */ = {
			isa = PBXGroup;
			children = (
				046BE6C32B09CFF900B3FD28 /* TodoListUikit.app */,
			);
			name = Products;
			sourceTree = "<group>";
		};
		046BE6C52B09CFF900B3FD28 /* TodoListUikit */ = {
			isa = PBXGroup;
			children = (
				046BE6C62B09CFF900B3FD28 /* AppDelegate.swift */,
				046BE6C82B09CFF900B3FD28 /* SceneDelegate.swift */,
				046BE6CA2B09CFF900B3FD28 /* ViewController.swift */,
				04660F692B0B226D00CC417C /* AddViewController.swift */,
				04660F672B09F11700CC417C /* DetailViewController.swift */,
				046F8AC42B09D5CE003CD854 /* TableViewCell.swift */,
				046F8AC02B09D276003CD854 /* Model.swift */,
				046F8AC22B09D2B7003CD854 /* ViewModel.swift */,
				046BE6CF2B09CFFA00B3FD28 /* Assets.xcassets */,
				046BE6D12B09CFFA00B3FD28 /* LaunchScreen.storyboard */,
				046BE6D42B09CFFA00B3FD28 /* Info.plist */,
			);
			path = TodoListUikit;
			sourceTree = "<group>";
		};
/* End PBXGroup section */

/* Begin PBXNativeTarget section */
		046BE6C22B09CFF900B3FD28 /* TodoListUikit */ = {
			isa = PBXNativeTarget;
			buildConfigurationList = 046BE6D72B09CFFA00B3FD28 /* Build configuration list for PBXNativeTarget "TodoListUikit" */;
			buildPhases = (
				046BE6BF2B09CFF900B3FD28 /* Sources */,
				046BE6C02B09CFF900B3FD28 /* Frameworks */,
				046BE6C12B09CFF900B3FD28 /* Resources */,
			);
			buildRules = (
			);
			dependencies = (
			);
			name = TodoListUikit;
			productName = TodoListUikit;
			productReference = 046BE6C32B09CFF900B3FD28 /* TodoListUikit.app */;
			productType = "com.apple.product-type.application";
		};
/* End PBXNativeTarget section */

/* Begin PBXProject section */
		046BE6BB2B09CFF900B3FD28 /* Project object */ = {
			isa = PBXProject;
			attributes = {
				BuildIndependentTargetsInParallel = 1;
				LastSwiftUpdateCheck = 1510;
				LastUpgradeCheck = 1510;
				TargetAttributes = {
					046BE6C22B09CFF900B3FD28 = {
						CreatedOnToolsVersion = 15.1;
					};
				};
			};
			buildConfigurationList = 046BE6BE2B09CFF900B3FD28 /* Build configuration list for PBXProject "TodoListUikit" */;
			compatibilityVersion = "Xcode 14.0";
			developmentRegion = en;
			hasScannedForEncodings = 0;
			knownRegions = (
				en,
				Base,
			);
			mainGroup = 046BE6BA2B09CFF900B3FD28;
			productRefGroup = 046BE6C42B09CFF900B3FD28 /* Products */;
			projectDirPath = "";
			projectRoot = "";
			targets = (
				046BE6C22B09CFF900B3FD28 /* TodoListUikit */,
			);
		};
/* End PBXProject section */

/* Begin PBXResourcesBuildPhase section */
		046BE6C12B09CFF900B3FD28 /* Resources */ = {
			isa = PBXResourcesBuildPhase;
			buildActionMask = 2147483647;
			files = (
				046BE6D32B09CFFA00B3FD28 /* LaunchScreen.storyboard in Resources */,
				046BE6D02B09CFFA00B3FD28 /* Assets.xcassets in Resources */,
			);
			runOnlyForDeploymentPostprocessing = 0;
		};
/* End PBXResourcesBuildPhase section */

/* Begin PBXSourcesBuildPhase section */
		046BE6BF2B09CFF900B3FD28 /* Sources */ = {
			isa = PBXSourcesBuildPhase;
			buildActionMask = 2147483647;
			files = (
				046BE6CB2B09CFF900B3FD28 /* ViewController.swift in Sources */,
				046BE6C72B09CFF900B3FD28 /* AppDelegate.swift in Sources */,
				04660F6A2B0B226D00CC417C /* AddViewController.swift in Sources */,
				046BE6C92B09CFF900B3FD28 /* SceneDelegate.swift in Sources */,
				046F8AC32B09D2B7003CD854 /* ViewModel.swift in Sources */,
				046F8AC52B09D5CE003CD854 /* TableViewCell.swift in Sources */,
				046F8AC12B09D276003CD854 /* Model.swift in Sources */,
				04660F682B09F11700CC417C /* DetailViewController.swift in Sources */,
			);
			runOnlyForDeploymentPostprocessing = 0;
		};
/* End PBXSourcesBuildPhase section */

/* Begin PBXVariantGroup section */
		046BE6D12B09CFFA00B3FD28 /* LaunchScreen.storyboard */ = {
			isa = PBXVariantGroup;
			children = (
				046BE6D22B09CFFA00B3FD28 /* Base */,
			);
			name = LaunchScreen.storyboard;
			sourceTree = "<group>";
		};
/* End PBXVariantGroup section */

/* Begin XCBuildConfiguration section */
		046BE6D52B09CFFA00B3FD28 /* Debug */ = {
			isa = XCBuildConfiguration;
			buildSettings = {
				ALWAYS_SEARCH_USER_PATHS = NO;
				ASSETCATALOG_COMPILER_GENERATE_SWIFT_ASSET_SYMBOL_EXTENSIONS = YES;
				CLANG_ANALYZER_NONNULL = YES;
				CLANG_ANALYZER_NUMBER_OBJECT_CONVERSION = YES_AGGRESSIVE;
				CLANG_CXX_LANGUAGE_STANDARD = "gnu++20";
				CLANG_ENABLE_MODULES = YES;
				CLANG_ENABLE_OBJC_ARC = YES;
				CLANG_ENABLE_OBJC_WEAK = YES;
				CLANG_WARN_BLOCK_CAPTURE_AUTORELEASING = YES;
				CLANG_WARN_BOOL_CONVERSION = YES;
				CLANG_WARN_COMMA = YES;
				CLANG_WARN_CONSTANT_CONVERSION = YES;
				CLANG_WARN_DEPRECATED_OBJC_IMPLEMENTATIONS = YES;
				CLANG_WARN_DIRECT_OBJC_ISA_USAGE = YES_ERROR;
				CLANG_WARN_DOCUMENTATION_COMMENTS = YES;
				CLANG_WARN_EMPTY_BODY = YES;
				CLANG_WARN_ENUM_CONVERSION = YES;
				CLANG_WARN_INFINITE_RECURSION = YES;
				CLANG_WARN_INT_CONVERSION = YES;
				CLANG_WARN_NON_LITERAL_NULL_CONVERSION = YES;
				CLANG_WARN_OBJC_IMPLICIT_RETAIN_SELF = YES;
				CLANG_WARN_OBJC_LITERAL_CONVERSION = YES;
				CLANG_WARN_OBJC_ROOT_CLASS = YES_ERROR;
				CLANG_WARN_QUOTED_INCLUDE_IN_FRAMEWORK_HEADER = YES;
				CLANG_WARN_RANGE_LOOP_ANALYSIS = YES;
				CLANG_WARN_STRICT_PROTOTYPES = YES;
				CLANG_WARN_SUSPICIOUS_MOVE = YES;
				CLANG_WARN_UNGUARDED_AVAILABILITY = YES_AGGRESSIVE;
				CLANG_WARN_UNREACHABLE_CODE = YES;
				CLANG_WARN__DUPLICATE_METHOD_MATCH = YES;
				COPY_PHASE_STRIP = NO;
				DEBUG_INFORMATION_FORMAT = dwarf;
				ENABLE_STRICT_OBJC_MSGSEND = YES;
				ENABLE_TESTABILITY = YES;
				ENABLE_USER_SCRIPT_SANDBOXING = YES;
				GCC_C_LANGUAGE_STANDARD = gnu17;
				GCC_DYNAMIC_NO_PIC = NO;
				GCC_NO_COMMON_BLOCKS = YES;
				GCC_OPTIMIZATION_LEVEL = 0;
				GCC_PREPROCESSOR_DEFINITIONS = (
					"DEBUG=1",
					"$(inherited)",
				);
				GCC_WARN_64_TO_32_BIT_CONVERSION = YES;
				GCC_WARN_ABOUT_RETURN_TYPE = YES_ERROR;
				GCC_WARN_UNDECLARED_SELECTOR = YES;
				GCC_WARN_UNINITIALIZED_AUTOS = YES_AGGRESSIVE;
				GCC_WARN_UNUSED_FUNCTION = YES;
				GCC_WARN_UNUSED_VARIABLE = YES;
				IPHONEOS_DEPLOYMENT_TARGET = 17.0;
				LOCALIZATION_PREFERS_STRING_CATALOGS = YES;
				MTL_ENABLE_DEBUG_INFO = INCLUDE_SOURCE;
				MTL_FAST_MATH = YES;
				ONLY_ACTIVE_ARCH = YES;
				SDKROOT = iphoneos;
				SWIFT_ACTIVE_COMPILATION_CONDITIONS = "DEBUG $(inherited)";
				SWIFT_OPTIMIZATION_LEVEL = "-Onone";
			};
			name = Debug;
		};
		046BE6D62B09CFFA00B3FD28 /* Release */ = {
			isa = XCBuildConfiguration;
			buildSettings = {
				ALWAYS_SEARCH_USER_PATHS = NO;
				ASSETCATALOG_COMPILER_GENERATE_SWIFT_ASSET_SYMBOL_EXTENSIONS = YES;
				CLANG_ANALYZER_NONNULL = YES;
				CLANG_ANALYZER_NUMBER_OBJECT_CONVERSION = YES_AGGRESSIVE;
				CLANG_CXX_LANGUAGE_STANDARD = "gnu++20";
				CLANG_ENABLE_MODULES = YES;
				CLANG_ENABLE_OBJC_ARC = YES;
				CLANG_ENABLE_OBJC_WEAK = YES;
				CLANG_WARN_BLOCK_CAPTURE_AUTORELEASING = YES;
				CLANG_WARN_BOOL_CONVERSION = YES;
				CLANG_WARN_COMMA = YES;
				CLANG_WARN_CONSTANT_CONVERSION = YES;
				CLANG_WARN_DEPRECATED_OBJC_IMPLEMENTATIONS = YES;
				CLANG_WARN_DIRECT_OBJC_ISA_USAGE = YES_ERROR;
				CLANG_WARN_DOCUMENTATION_COMMENTS = YES;
				CLANG_WARN_EMPTY_BODY = YES;
				CLANG_WARN_ENUM_CONVERSION = YES;
				CLANG_WARN_INFINITE_RECURSION = YES;
				CLANG_WARN_INT_CONVERSION = YES;
				CLANG_WARN_NON_LITERAL_NULL_CONVERSION = YES;
				CLANG_WARN_OBJC_IMPLICIT_RETAIN_SELF = YES;
				CLANG_WARN_OBJC_LITERAL_CONVERSION = YES;
				CLANG_WARN_OBJC_ROOT_CLASS = YES_ERROR;
				CLANG_WARN_QUOTED_INCLUDE_IN_FRAMEWORK_HEADER = YES;
				CLANG_WARN_RANGE_LOOP_ANALYSIS = YES;
				CLANG_WARN_STRICT_PROTOTYPES = YES;
				CLANG_WARN_SUSPICIOUS_MOVE = YES;
				CLANG_WARN_UNGUARDED_AVAILABILITY = YES_AGGRESSIVE;
				CLANG_WARN_UNREACHABLE_CODE = YES;
				CLANG_WARN__DUPLICATE_METHOD_MATCH = YES;
				COPY_PHASE_STRIP = NO;
				DEBUG_INFORMATION_FORMAT = "dwarf-with-dsym";
				ENABLE_NS_ASSERTIONS = NO;
				ENABLE_STRICT_OBJC_MSGSEND = YES;
				ENABLE_USER_SCRIPT_SANDBOXING = YES;
				GCC_C_LANGUAGE_STANDARD = gnu17;
				GCC_NO_COMMON_BLOCKS = YES;
				GCC_WARN_64_TO_32_BIT_CONVERSION = YES;
				GCC_WARN_ABOUT_RETURN_TYPE = YES_ERROR;
				GCC_WARN_UNDECLARED_SELECTOR = YES;
				GCC_WARN_UNINITIALIZED_AUTOS = YES_AGGRESSIVE;
				GCC_WARN_UNUSED_FUNCTION = YES;
				GCC_WARN_UNUSED_VARIABLE = YES;
				IPHONEOS_DEPLOYMENT_TARGET = 17.0;
				LOCALIZATION_PREFERS_STRING_CATALOGS = YES;
				MTL_ENABLE_DEBUG_INFO = NO;
				MTL_FAST_MATH = YES;
				SDKROOT = iphoneos;
				SWIFT_COMPILATION_MODE = wholemodule;
				VALIDATE_PRODUCT = YES;
			};
			name = Release;
		};
		046BE6D82B09CFFA00B3FD28 /* Debug */ = {
			isa = XCBuildConfiguration;
			buildSettings = {
				ASSETCATALOG_COMPILER_APPICON_NAME = AppIcon;
				ASSETCATALOG_COMPILER_GLOBAL_ACCENT_COLOR_NAME = AccentColor;
				CODE_SIGN_STYLE = Automatic;
				CURRENT_PROJECT_VERSION = 1;
				GENERATE_INFOPLIST_FILE = YES;
				INFOPLIST_FILE = TodoListUikit/Info.plist;
				INFOPLIST_KEY_UIApplicationSupportsIndirectInputEvents = YES;
				INFOPLIST_KEY_UILaunchStoryboardName = LaunchScreen;
				INFOPLIST_KEY_UIMainStoryboardFile = "";
				INFOPLIST_KEY_UISupportedInterfaceOrientations_iPad = "UIInterfaceOrientationPortrait UIInterfaceOrientationPortraitUpsideDown UIInterfaceOrientationLandscapeLeft UIInterfaceOrientationLandscapeRight";
				INFOPLIST_KEY_UISupportedInterfaceOrientations_iPhone = "UIInterfaceOrientationPortrait UIInterfaceOrientationLandscapeLeft UIInterfaceOrientationLandscapeRight";
				LD_RUNPATH_SEARCH_PATHS = (
					"$(inherited)",
					"@executable_path/Frameworks",
				);
				MARKETING_VERSION = 1.0;
				PRODUCT_BUNDLE_IDENTIFIER = Liam.TodoListUikit;
				PRODUCT_NAME = "$(TARGET_NAME)";
				SWIFT_EMIT_LOC_STRINGS = YES;
				SWIFT_VERSION = 5.0;
				TARGETED_DEVICE_FAMILY = "1,2";
			};
			name = Debug;
		};
		046BE6D92B09CFFA00B3FD28 /* Release */ = {
			isa = XCBuildConfiguration;
			buildSettings = {
				ASSETCATALOG_COMPILER_APPICON_NAME = AppIcon;
				ASSETCATALOG_COMPILER_GLOBAL_ACCENT_COLOR_NAME = AccentColor;
				CODE_SIGN_STYLE = Automatic;
				CURRENT_PROJECT_VERSION = 1;
				GENERATE_INFOPLIST_FILE = YES;
				INFOPLIST_FILE = TodoListUikit/Info.plist;
				INFOPLIST_KEY_UIApplicationSupportsIndirectInputEvents = YES;
				INFOPLIST_KEY_UILaunchStoryboardName = LaunchScreen;
				INFOPLIST_KEY_UIMainStoryboardFile = "";
				INFOPLIST_KEY_UISupportedInterfaceOrientations_iPad = "UIInterfaceOrientationPortrait UIInterfaceOrientationPortraitUpsideDown UIInterfaceOrientationLandscapeLeft UIInterfaceOrientationLandscapeRight";
				INFOPLIST_KEY_UISupportedInterfaceOrientations_iPhone = "UIInterfaceOrientationPortrait UIInterfaceOrientationLandscapeLeft UIInterfaceOrientationLandscapeRight";
				LD_RUNPATH_SEARCH_PATHS = (
					"$(inherited)",
					"@executable_path/Frameworks",
				);
				MARKETING_VERSION = 1.0;
				PRODUCT_BUNDLE_IDENTIFIER = Liam.TodoListUikit;
				PRODUCT_NAME = "$(TARGET_NAME)";
				SWIFT_EMIT_LOC_STRINGS = YES;
				SWIFT_VERSION = 5.0;
				TARGETED_DEVICE_FAMILY = "1,2";
			};
			name = Release;
		};
/* End XCBuildConfiguration section */

/* Begin XCConfigurationList section */
		046BE6BE2B09CFF900B3FD28 /* Build configuration list for PBXProject "TodoListUikit" */ = {
			isa = XCConfigurationList;
			buildConfigurations = (
				046BE6D52B09CFFA00B3FD28 /* Debug */,
				046BE6D62B09CFFA00B3FD28 /* Release */,
			);
			defaultConfigurationIsVisible = 0;
			defaultConfigurationName = Release;
		};
		046BE6D72B09CFFA00B3FD28 /* Build configuration list for PBXNativeTarget "TodoListUikit" */ = {
			isa = XCConfigurationList;
			buildConfigurations = (
				046BE6D82B09CFFA00B3FD28 /* Debug */,
				046BE6D92B09CFFA00B3FD28 /* Release */,
			);
			defaultConfigurationIsVisible = 0;
			defaultConfigurationName = Release;
		};
/* End XCConfigurationList section */
	};
	rootObject = 046BE6BB2B09CFF900B3FD28 /* Project object */;
}
